version = 1
revision = 3
requires-python = ">=3.12"

[[package]]
name = "ansicon"
version = "1.89.0"
source = { registry = "https://pypi.org/simple" }
sdist = { url = "https://files.pythonhosted.org/packages/b6/e2/1c866404ddbd280efedff4a9f15abfe943cb83cde6e895022370f3a61f85/ansicon-1.89.0.tar.gz", hash = "sha256:e4d039def5768a47e4afec8e89e83ec3ae5a26bf00ad851f914d1240b444d2b1", size = 67312, upload-time = "2019-04-29T20:23:57.314Z" }
wheels = [
    { url = "https://files.pythonhosted.org/packages/75/f9/f1c10e223c7b56a38109a3f2eb4e7fe9a757ea3ed3a166754fb30f65e466/ansicon-1.89.0-py2.py3-none-any.whl", hash = "sha256:f1def52d17f65c2c9682cf8370c03f541f410c1752d6a14029f97318e4b9dfec", size = 63675, upload-time = "2019-04-29T20:23:53.83Z" },
]

[[package]]
name = "blessed"
version = "1.38.0"
source = { registry = "https://pypi.org/simple" }
dependencies = [
    { name = "jinxed", marker = "sys_platform == 'win32'" },
    { name = "wcwidth" },
]
sdist = { url = "https://files.pythonhosted.org/packages/9f/1f/f2535d0eb1fb8af7915f96b4d42810345c255bbbca39939a23e59c0695d8/blessed-1.38.0.tar.gz", hash = "sha256:89ce6ec6567f7aced0716b73577b7a1702eb23c667838bb46d7d9bd48c36d1b3", size = 14008103, upload-time = "2026-03-30T22:47:36.787Z" }
wheels = [
    { url = "https://files.pythonhosted.org/packages/08/81/26113a258b8b4068a7ae528cb1c13f1af2acfa0702368312183013ddc4f4/blessed-1.38.0-py3-none-any.whl", hash = "sha256:905884ae650e41284fa4fd7d0c3eed5e5b4a42be8c2bfb24c90d79fbf26a1490", size = 121251, upload-time = "2026-03-30T22:47:34.138Z" },
]

[[package]]
name = "distro"
version = "1.9.0"
source = { registry = "https://pypi.org/simple" }
sdist = { url = "https://files.pythonhosted.org/packages/fc/f8/98eea607f65de6527f8a2e8885fc8015d3e6f5775df186e443e0964a11c3/distro-1.9.0.tar.gz", hash = "sha256:2fa77c6fd8940f116ee1d6b94a2f90b13b5ea8d019b98bc8bafdcabcdd9bdbed", size = 60722, upload-time = "2023-12-24T09:54:32.31Z" }
wheels = [
    { url = "https://files.pythonhosted.org/packages/12/b3/231ffd4ab1fc9d679809f356cebee130ac7daa00d6d6f3206dd4fd137e9e/distro-1.9.0-py3-none-any.whl", hash = "sha256:7bffd925d65168f85027d8da9af6bddab658135b840670a223589bc0c8ef02b2", size = 20277, upload-time = "2023-12-24T09:54:30.421Z" },
]

[[package]]
name = "firefox-screenshot"
version = "0.1.0"
source = { virtual = "." }
dependencies = [
    { name = "marionette-driver" },
]

[package.metadata]
requires-dist = [{ name = "marionette-driver", specifier = ">=3.6.0" }]

[[package]]
name = "jinxed"
version = "1.4.0"
source = { registry = "https://pypi.org/simple" }
dependencies = [
    { name = "ansicon", marker = "sys_platform == 'win32'" },
]
sdist = { url = "https://files.pythonhosted.org/packages/3c/e9/96633f12b6829eb1e91e70e5846704c0b1293ec47bd65a7b681e19c8eeff/jinxed-1.4.0.tar.gz", hash = "sha256:8f7801a10799de39e509eb5abc6d131ee169c1ce4fd5d568aa85b5f56ed58068", size = 37169, upload-time = "2026-03-26T01:49:38.337Z" }
wheels = [
    { url = "https://files.pythonhosted.org/packages/71/b7/9ab2b79bcbcc53cf8772a19d26713dd9574d4d81ee4fea29678d8cadcec7/jinxed-1.4.0-py2.py3-none-any.whl", hash = "sha256:95876a8b270081b8e28a9bbcbabe4fa98327faa91102526f724ed1904f9a55ac", size = 34522, upload-time = "2026-03-26T01:49:36.762Z" },
]

[[package]]
name = "marionette-driver"
version = "3.6.0"
source = { registry = "https://pypi.org/simple" }
dependencies = [
    { name = "mozrunner" },
    { name = "mozversion" },
    { name = "psutil", marker = "sys_platform == 'darwin'" },
]
sdist = { url = "https://files.pythonhosted.org/packages/62/bc/1b05eb805f441547ce3d0f02b9bfbd1f69420a8519d462112d015581ed9a/marionette_driver-3.6.0.tar.gz", hash = "sha256:dc1e0b608112c6fbe26c988542c4967356579319e57696dcf32032b79192181a", size = 48598, upload-time = "2026-03-16T21:55:56.614Z" }
wheels = [
    { url = "https://files.pythonhosted.org/packages/82/d4/a97dc9cf26986d53b25cf073d522aa3f97a72b45c34ade009988ac79c4c3/marionette_driver-3.6.0-py3-none-any.whl", hash = "sha256:5029568e505220fc2b5e73e2e47ed10f961d969d1517038aea6b902efbfba034", size = 54176, upload-time = "2026-03-16T21:55:55.266Z" },
]

[[package]]
name = "mozdevice"
version = "4.2.0"
source = { registry = "https://pypi.org/simple" }
dependencies = [
    { name = "mozlog" },
]
sdist = { url = "https://files.pythonhosted.org/packages/65/a2/130ea771cecff7e03fe1b2366c93a2a58f52a7bd14ee36b370acabc0f5b6/mozdevice-4.2.0.tar.gz", hash = "sha256:d04bd5bb0105d906c9516f58000edece8d397df9726d18c3fda9eb06c4246c21", size = 44713, upload-time = "2024-11-07T21:35:45.99Z" }
wheels = [
    { url = "https://files.pythonhosted.org/packages/90/3c/02d47e719505af2745df5c0d5083305850ccd02fc56cbee4c4eca8fa321f/mozdevice-4.2.0-py2.py3-none-any.whl", hash = "sha256:7fbb961cda951b2c2dd4abc2e8aef73dfd99aa0ffd852da707f9b631ad760647", size = 44473, upload-time = "2024-11-07T21:35:43.722Z" },
]

[[package]]
name = "mozfile"
version = "3.0.0"
source = { registry = "https://pypi.org/simple" }
dependencies = [
    { name = "six" },
]
sdist = { url = "https://files.pythonhosted.org/packages/25/f8/a1f0076490d50dbe8bdcf15df97856a4734f459aaf0a4d42c64a11ab7231/mozfile-3.0.0.tar.gz", hash = "sha256:92ca1a786abbdf5e6a7aada62d3a4e28f441ef069c7623223add45268e53c789", size = 7699, upload-time = "2022-10-13T13:09:09.347Z" }
wheels = [
    { url = "https://files.pythonhosted.org/packages/76/cd/fe6b0afa57fbf026631de1435682735dae0aa0ffbe3855f62806da31c55b/mozfile-3.0.0-py2.py3-none-any.whl", hash = "sha256:3b0afcda2fa8b802ef657df80a56f21619008f61fcc14b756124028d7b7adf5c", size = 8227, upload-time = "2022-10-13T13:09:08.03Z" },
]

[[package]]
name = "mozinfo"
version = "1.2.3"
source = { registry = "https://pypi.org/simple" }
dependencies = [
    { name = "distro" },
    { name = "mozfile" },
]
sdist = { url = "https://files.pythonhosted.org/packages/23/35/96cccb2244a08247f5c1b5e810d6117d35a30e4a3e29679ed0c7dd2406c6/mozinfo-1.2.3.tar.gz", hash = "sha256:5d2b8a5f1b362692f221e33eb3ff47454a580db1a1384614cdc637b31131b438", size = 6358, upload-time = "2023-07-28T13:50:55.068Z" }
wheels = [
    { url = "https://files.pythonhosted.org/packages/28/b2/0efcb9aa6d1362aa00b567c8f355f028332a5a533f80c45e5dacd12a5466/mozinfo-1.2.3-py2.py3-none-any.whl", hash = "sha256:90e0cfb377fc2cc3fad023d38c1f6d60a9135400ff5684a04abf79ca5cc3c521", size = 7454, upload-time = "2023-07-28T13:50:52.402Z" },
]

[[package]]
name = "mozlog"
version = "8.1.0"
source = { registry = "https://pypi.org/simple" }
dependencies = [
    { name = "blessed" },
    { name = "mozfile" },
    { name = "mozsystemmonitor" },
    { name = "mozterm" },
]
sdist = { url = "https://files.pythonhosted.org/packages/4e/e6/a6886a2b5ad91f96abf9460ff4f1acb45435600eedfb4440b740f278a5b2/mozlog-8.1.0.tar.gz", hash = "sha256:89a2a9b3b54d71ab3572b7fb3b3af13100bd447ac3d980eb173d2da56498bac4", size = 70389, upload-time = "2026-03-23T11:14:37.607Z" }
wheels = [
    { url = "https://files.pythonhosted.org/packages/d5/d0/2b4570c6328aefe8060f950577ff660bac1b4e57e9ba9821977c06f03f43/mozlog-8.1.0-py2.py3-none-any.whl", hash = "sha256:bc4a715e03896ebdb727d4df133d188cb53bcce18a1bbb90baa6bba6b83b007a", size = 72222, upload-time = "2026-03-23T11:14:38.836Z" },
]

[[package]]
name = "mozprocess"
version = "1.4.0"
source = { registry = "https://pypi.org/simple" }
dependencies = [
    { name = "mozinfo" },
]
sdist = { url = "https://files.pythonhosted.org/packages/3a/72/ecf7be35e24065c5780412627f4269a8bdae71eb42823d1416ea6968db11/mozprocess-1.4.0.tar.gz", hash = "sha256:6dbb6ebb5e01d6bdf1b24202719ad298331885aee088375e7e4372cdf9d5bb98", size = 21642, upload-time = "2024-08-19T15:40:38.39Z" }
wheels = [
    { url = "https://files.pythonhosted.org/packages/7c/a3/354e9f0c8b629319e6f6334beaf42e38eeb5ddc821c77e9082752b037d3f/mozprocess-1.4.0-py2.py3-none-any.whl", hash = "sha256:9a3b218dab0f1277275be7d89d673cd55b062519043a88a1a1a77eacefdfdf5e", size = 23105, upload-time = "2024-08-19T15:40:36.691Z" },
]

[[package]]
name = "mozprofile"
version = "3.0.0"
source = { registry = "https://pypi.org/simple" }
dependencies = [
    { name = "mozfile" },
    { name = "mozlog" },
    { name = "six" },
]
sdist = { url = "https://files.pythonhosted.org/packages/00/eb/9de383c0ccfa3ac7ca21fe5d8fd861579c83c119d72ae1fe2d25e787c5b3/mozprofile-3.0.0.tar.gz", hash = "sha256:af661290cc91b15b6a6943d2bf5a2b0f708bc9e0289a8e0bf1da7593eaaab6d0", size = 28864, upload-time = "2024-04-26T08:16:45.197Z" }

[[package]]
name = "mozrunner"
version = "8.4.0"
source = { registry = "https://pypi.org/simple" }
dependencies = [
    { name = "mozdevice" },
    { name = "mozfile" },
    { name = "mozinfo" },
    { name = "mozlog" },
    { name = "mozprocess" },
    { name = "mozprofile" },
]
sdist = { url = "https://files.pythonhosted.org/packages/32/5a/3b1d7eddcf82d4a0897b20ca0a0db5bf70e50e3edf9d3f1a0c2cf50f730d/mozrunner-8.4.0.tar.gz", hash = "sha256:06aa9b809a4853b7ad4fdd0b90c707352532e06ecc047ea2ff5541bc93debcdc", size = 41414, upload-time = "2026-03-26T10:30:16.674Z" }
wheels = [
    { url = "https://files.pythonhosted.org/packages/68/3a/2953c91c54a4e4e63658f239eec31cd7a2820870fb80ddbb7bf3f15ef1ac/mozrunner-8.4.0-py2.py3-none-any.whl", hash = "sha256:fa5fc6edfc501ebf2dd0faf24934a626e2e0f67abb26d4878651fea54275b14f", size = 47219, upload-time = "2026-03-26T10:30:15.41Z" },
]

[[package]]
name = "mozsystemmonitor"
version = "1.0.1"
source = { registry = "https://pypi.org/simple" }
dependencies = [
    { name = "psutil" },
]
sdist = { url = "https://files.pythonhosted.org/packages/a1/92/0ddc5e635a5a8452b6335e63d28a55bf3a107af7ec294d38c55db36e8658/mozsystemmonitor-1.0.1.tar.gz", hash = "sha256:7610ee209f4284d16780d5de2945de8e0fb528dba71682434fee44cd33c8ae24", size = 8810, upload-time = "2022-11-14T22:05:00.489Z" }
wheels = [
    { url = "https://files.pythonhosted.org/packages/95/59/7a5f8f48946281c7a24bcecd722925493c0e67dabbc0826d215f2f45da9c/mozsystemmonitor-1.0.1-py2.py3-none-any.whl", hash = "sha256:ab30a7587fdfee6041287f7b953911b07d0441d22bfa04bb4d82541c48bdcb02", size = 8546, upload-time = "2022-11-14T22:04:58.364Z" },
]

[[package]]
name = "mozterm"
version = "1.0.0"
source = { registry = "https://pypi.org/simple" }
dependencies = [
    { name = "six" },
]
sdist = { url = "https://files.pythonhosted.org/packages/a0/69/5ff6001df98cf1894e6fb4aa74eda1504f830515e52fc6b0a3acc8c1a788/mozterm-1.0.0.tar.gz", hash = "sha256:b1e91acec188de07c704dbb7b0100a7be5c1e06567b3beb67f6ea11d00a483a4", size = 3121, upload-time = "2018-07-03T13:00:33.377Z" }
wheels = [
    { url = "https://files.pythonhosted.org/packages/ab/eb/0c53684f5821d666372c6ea03d8c64558c8f74fda0fd5b24ae3dd2ab6a95/mozterm-1.0.0-py2.py3-none-any.whl", hash = "sha256:f5eafa25c23d391e2a2bb1dd45ee928fc9e3c811977a3856b5a5a0778011053c", size = 3428, upload-time = "2018-07-03T13:00:34.231Z" },
]

[[package]]
name = "mozversion"
version = "2.4.0"
source = { registry = "https://pypi.org/simple" }
dependencies = [
    { name = "mozlog" },
    { name = "six" },
]
sdist = { url = "https://files.pythonhosted.org/packages/64/1f/d6a90f6da9b362642d6d4301202f20c8750322b2b365823b0362d4505821/mozversion-2.4.0.tar.gz", hash = "sha256:5b11ceb280c519cd92f450b91a750ae8b7f7c8258f6e93c7e520592d85ffbf07", size = 3121, upload-time = "2023-07-28T13:53:14.715Z" }
wheels = [
    { url = "https://files.pythonhosted.org/packages/db/86/7ec5f7c4edee8929523dc9c07d1aba4a89d8f53a99b0fcaa3d71c71f99cc/mozversion-2.4.0-py2.py3-none-any.whl", hash = "sha256:d9a0b997ff48a979f694af9e6fd3fb819f411e8199045a0b362d6ba112cb5676", size = 4281, upload-time = "2023-07-28T13:53:13.153Z" },
]

[[package]]
name = "psutil"
version = "5.9.8"
source = { registry = "https://pypi.org/simple" }
sdist = { url = "https://files.pythonhosted.org/packages/90/c7/6dc0a455d111f68ee43f27793971cf03fe29b6ef972042549db29eec39a2/psutil-5.9.8.tar.gz", hash = "sha256:6be126e3225486dff286a8fb9a06246a5253f4c7c53b475ea5f5ac934e64194c", size = 503247, upload-time = "2024-01-19T20:47:09.517Z" }
wheels = [
    { url = "https://files.pythonhosted.org/packages/e7/e3/07ae864a636d70a8a6f58da27cb1179192f1140d5d1da10886ade9405797/psutil-5.9.8-cp36-abi3-macosx_10_9_x86_64.whl", hash = "sha256:aee678c8720623dc456fa20659af736241f575d79429a0e5e9cf88ae0605cc81", size = 248702, upload-time = "2024-01-19T20:47:36.303Z" },
    { url = "https://files.pythonhosted.org/packages/b3/bd/28c5f553667116b2598b9cc55908ec435cb7f77a34f2bff3e3ca765b0f78/psutil-5.9.8-cp36-abi3-manylinux_2_12_i686.manylinux2010_i686.manylinux_2_17_i686.manylinux2014_i686.whl", hash = "sha256:8cb6403ce6d8e047495a701dc7c5bd788add903f8986d523e3e20b98b733e421", size = 285242, upload-time = "2024-01-19T20:47:39.65Z" },
    { url = "https://files.pythonhosted.org/packages/c5/4f/0e22aaa246f96d6ac87fe5ebb9c5a693fbe8877f537a1022527c47ca43c5/psutil-5.9.8-cp36-abi3-manylinux_2_12_x86_64.manylinux2010_x86_64.manylinux_2_17_x86_64.manylinux2014_x86_64.whl", hash = "sha256:d06016f7f8625a1825ba3732081d77c94589dca78b7a3fc072194851e88461a4", size = 288191, upload-time = "2024-01-19T20:47:43.078Z" },
    { url = "https://files.pythonhosted.org/packages/6e/f5/2aa3a4acdc1e5940b59d421742356f133185667dd190b166dbcfcf5d7b43/psutil-5.9.8-cp37-abi3-win32.whl", hash = "sha256:bc56c2a1b0d15aa3eaa5a60c9f3f8e3e565303b465dbf57a1b730e7a2b9844e0", size = 251252, upload-time = "2024-01-19T20:47:52.88Z" },
    { url = "https://files.pythonhosted.org/packages/93/52/3e39d26feae7df0aa0fd510b14012c3678b36ed068f7d78b8d8784d61f0e/psutil-5.9.8-cp37-abi3-win_amd64.whl", hash = "sha256:8db4c1b57507eef143a15a6884ca10f7c73876cdf5d51e713151c1236a0e68cf", size = 255090, upload-time = "2024-01-19T20:47:56.019Z" },
    { url = "https://files.pythonhosted.org/packages/05/33/2d74d588408caedd065c2497bdb5ef83ce6082db01289a1e1147f6639802/psutil-5.9.8-cp38-abi3-macosx_11_0_arm64.whl", hash = "sha256:d16bbddf0693323b8c6123dd804100241da461e41d6e332fb0ba6058f630f8c8", size = 249898, upload-time = "2024-01-19T20:47:59.238Z" },
]

[[package]]
name = "six"
version = "1.17.0"
source = { registry = "https://pypi.org/simple" }
sdist = { url = "https://files.pythonhosted.org/packages/94/e7/b2c673351809dca68a0e064b6af791aa332cf192da575fd474ed7d6f16a2/six-1.17.0.tar.gz", hash = "sha256:ff70335d468e7eb6ec65b95b99d3a2836546063f63acc5171de367e834932a81", size = 34031, upload-time = "2024-12-04T17:35:28.174Z" }
wheels = [
    { url = "https://files.pythonhosted.org/packages/b7/ce/149a00dd41f10bc29e5921b496af8b574d8413afcd5e30dfa0ed46c2cc5e/six-1.17.0-py2.py3-none-any.whl", hash = "sha256:4721f391ed90541fddacab5acf947aa0d3dc7d27b2e1e8eda2be8970586c3274", size = 11050, upload-time = "2024-12-04T17:35:26.475Z" },
]

[[package]]
name = "wcwidth"
version = "0.6.0"
source = { registry = "https://pypi.org/simple" }
sdist = { url = "https://files.pythonhosted.org/packages/35/a2/8e3becb46433538a38726c948d3399905a4c7cabd0df578ede5dc51f0ec2/wcwidth-0.6.0.tar.gz", hash = "sha256:cdc4e4262d6ef9a1a57e018384cbeb1208d8abbc64176027e2c2455c81313159", size = 159684, upload-time = "2026-02-06T19:19:40.919Z" }
wheels = [
    { url = "https://files.pythonhosted.org/packages/68/5a/199c59e0a824a3db2b89c5d2dade7ab5f9624dbf6448dc291b46d5ec94d3/wcwidth-0.6.0-py3-none-any.whl", hash = "sha256:1a3a1e510b553315f8e146c54764f4fb6264ffad731b3d78088cdb1478ffbdad", size = 94189, upload-time = "2026-02-06T19:19:39.646Z" },
]
